
Microsoft Visual Studio Solution File, Format Version 12.00
# Visual Studio 15
VisualStudioVersion = 15.0.26124.0
MinimumVisualStudioVersion = 10.0.40219.1
Project("{2150E333-8FDC-42A3-9474-1A3956D46DE8}") = "Solution Items", "Solution Items", "{3F0E902B-E202-4EDB-8ABB-741B1E696817}"
	ProjectSection(SolutionItems) = preProject
		.gitignore = .gitignore
		README.md = README.md
		WebEssentials2015-Settings.json = WebEssentials2015-Settings.json
	EndProjectSection
EndProject
Project("{2150E333-8FDC-42A3-9474-1A3956D46DE8}") = "Data", "Data", "{136E3ED6-B4F7-4917-B9BE-179BC23459C5}"
	ProjectSection(SolutionItems) = preProject
		src\ShaneSpace.Resume.Web\config.json = src\ShaneSpace.Resume.Web\config.json
		..\..\..\..\git\Personal\ShaneSpace.Resume\src\ShaneSpace.Resume.Web\data\resume.json = ..\..\..\..\git\Personal\ShaneSpace.Resume\src\ShaneSpace.Resume.Web\data\resume.json
	EndProjectSection
EndProject
Project("{E24C65DC-7377-472B-9ABA-BC803B73C61A}") = "ShaneSpace.Resume.Web", "src\ShaneSpace.Resume.Web\", "{EDAD5841-23DC-4286-89AA-486AE356C75F}"
	ProjectSection(WebsiteProperties) = preProject
		TargetFrameworkMoniker = ".NETFramework,Version%3Dv4.5.2"
		Debug.AspNetCompiler.VirtualPath = "/localhost_50879"
		Debug.AspNetCompiler.PhysicalPath = "src\ShaneSpace.Resume.Web\"
		Debug.AspNetCompiler.TargetPath = "PrecompiledWeb\localhost_50879\"
		Debug.AspNetCompiler.Updateable = "true"
		Debug.AspNetCompiler.ForceOverwrite = "true"
		Debug.AspNetCompiler.FixedNames = "false"
		Debug.AspNetCompiler.Debug = "True"
		Release.AspNetCompiler.VirtualPath = "/localhost_50879"
		Release.AspNetCompiler.PhysicalPath = "src\ShaneSpace.Resume.Web\"
		Release.AspNetCompiler.TargetPath = "PrecompiledWeb\localhost_50879\"
		Release.AspNetCompiler.Updateable = "true"
		Release.AspNetCompiler.ForceOverwrite = "true"
		Release.AspNetCompiler.FixedNames = "false"
		Release.AspNetCompiler.Debug = "False"
		VWDPort = "50879"
		SlnRelativePath = "src\ShaneSpace.Resume.Web\"
	EndProjectSection
EndProject
Global
	GlobalSection(SolutionConfigurationPlatforms) = preSolution
		Debug|Any CPU = Debug|Any CPU
	EndGlobalSection
	GlobalSection(ProjectConfigurationPlatforms) = postSolution
		{EDAD5841-23DC-4286-89AA-486AE356C75F}.Debug|Any CPU.ActiveCfg = Debug|Any CPU
		{EDAD5841-23DC-4286-89AA-486AE356C75F}.Debug|Any CPU.Build.0 = Debug|Any CPU
	EndGlobalSection
	GlobalSection(SolutionProperties) = preSolution
		HideSolutionNode = FALSE
	EndGlobalSection
	GlobalSection(NestedProjects) = preSolution
		{136E3ED6-B4F7-4917-B9BE-179BC23459C5} = {3F0E902B-E202-4EDB-8ABB-741B1E696817}
	EndGlobalSection
	GlobalSection(ExtensibilityGlobals) = postSolution
		SolutionGuid = {64EDF5DA-E786-4905-B5B1-FD6D97032472}
	EndGlobalSection
EndGlobal
